<Solution>
  <Folder Name="/src/">
    <Project Path="src/AlwaysOn.Shared/AlwaysOn.Shared.csproj" />
    <Project Path="src/AlwaysOn.ServiceDefaults/AlwaysOn.ServiceDefaults.csproj" />
    <Project Path="src/AlwaysOn.Silo/AlwaysOn.Silo.csproj" />
  </Folder>
  <Folder Name="/dev/">
    <Project Path="dev/AlwaysOn.AppHost/AlwaysOn.AppHost.csproj" />
  </Folder>
  <Folder Name="/test/">
    <Project Path="test/AlwaysOn.IntegrationTests/AlwaysOn.IntegrationTests.csproj" />
  </Folder>
</Solution>
